
Microsoft Visual Studio Solution File, Format Version 12.00
# Visual Studio Version 17
VisualStudioVersion = 17.7.34003.232
MinimumVisualStudioVersion = 10.0.40219.1
Project("{FAE04EC0-301F-11D3-BF4B-00C04F79EFBC}") = "HLA_TrueGear", "HLA_TrueGear\HLA_TrueGear.csproj", "{41A9300F-566C-410D-A3F5-9A44E5FD62D5}"
EndProject
Global
	GlobalSection(SolutionConfigurationPlatforms) = preSolution
		Debug|Any CPU = Debug|Any CPU
		Release|Any CPU = Release|Any CPU
	EndGlobalSection
	GlobalSection(ProjectConfigurationPlatforms) = postSolution
		{41A9300F-566C-410D-A3F5-9A44E5FD62D5}.Debug|Any CPU.ActiveCfg = Debug|Any CPU
		{41A9300F-566C-410D-A3F5-9A44E5FD62D5}.Debug|Any CPU.Build.0 = Debug|Any CPU
		{41A9300F-566C-410D-A3F5-9A44E5FD62D5}.Release|Any CPU.ActiveCfg = Release|Any CPU
		{41A9300F-566C-410D-A3F5-9A44E5FD62D5}.Release|Any CPU.Build.0 = Release|Any CPU
	EndGlobalSection
	GlobalSection(SolutionProperties) = preSolution
		HideSolutionNode = FALSE
	EndGlobalSection
	GlobalSection(ExtensibilityGlobals) = postSolution
		SolutionGuid = {5E3185F1-B728-48BC-B20D-CC92B358F0D0}
	EndGlobalSection
EndGlobal
